
Microsoft Visual Studio Solution File, Format Version 12.00
# Visual Studio Version 16
VisualStudioVersion = 16.0.33130.400
MinimumVisualStudioVersion = 10.0.40219.1
Project("{FAE04EC0-301F-11D3-BF4B-00C04F79EFBC}") = "practica13.coll", "practica13.coll.csproj", "{D619452F-1B1B-4F7C-AE78-506376656A14}"
EndProject
Global
	GlobalSection(SolutionConfigurationPlatforms) = preSolution
		Debug|Any CPU = Debug|Any CPU
		Release|Any CPU = Release|Any CPU
	EndGlobalSection
	GlobalSection(ProjectConfigurationPlatforms) = postSolution
		{D619452F-1B1B-4F7C-AE78-506376656A14}.Debug|Any CPU.ActiveCfg = Debug|Any CPU
		{D619452F-1B1B-4F7C-AE78-506376656A14}.Debug|Any CPU.Build.0 = Debug|Any CPU
		{D619452F-1B1B-4F7C-AE78-506376656A14}.Release|Any CPU.ActiveCfg = Release|Any CPU
		{D619452F-1B1B-4F7C-AE78-506376656A14}.Release|Any CPU.Build.0 = Release|Any CPU
	EndGlobalSection
	GlobalSection(SolutionProperties) = preSolution
		HideSolutionNode = FALSE
	EndGlobalSection
	GlobalSection(ExtensibilityGlobals) = postSolution
		SolutionGuid = {6F60CBFA-B215-48D4-960D-0B002D1FCFA2}
	EndGlobalSection
EndGlobal
